hash: 136bcf4d7449c803c2a278cbf97ef5af3d0fc67ed7109ca2ddc53bb59e5fdddf
updated: 2020-01-28T14:03:00.400202228-03:00
imports:
- name: github.com/rs/zerolog
  version: f1dd50b8c64d79be1392edf1d8fda5cedea4916d
  subpackages:
  - internal/cbor
  - internal/json
- name: github.com/samuel/go-zookeeper
  version: 2cc03de413da42869e2db7ce7965d3e978d917eb
  subpackages:
  - zk
- name: github.com/uol/funks
  version: f6a04c7785966773f32313e0c25c9343738369e9
- name: github.com/uol/logh
  version: b8eb12a00c06edc8f347883caf8c72dbbcdb895b
testImports: []
